
Microsoft Visual Studio Solution File, Format Version 12.00
# Visual Studio Version 17
VisualStudioVersion = 17.8.34511.84
MinimumVisualStudioVersion = 10.0.40219.1
Project("{FAE04EC0-301F-11D3-BF4B-00C04F79EFBC}") = "Snake", "Snake.csproj", "{5A21ECD9-200B-4A22-935C-A1B48B45EB8A}"
EndProject
Global
	GlobalSection(SolutionConfigurationPlatforms) = preSolution
		Debug|Any CPU = Debug|Any CPU
		Release|Any CPU = Release|Any CPU
	EndGlobalSection
	GlobalSection(ProjectConfigurationPlatforms) = postSolution
		{5A21ECD9-200B-4A22-935C-A1B48B45EB8A}.Debug|Any CPU.ActiveCfg = Debug|Any CPU
		{5A21ECD9-200B-4A22-935C-A1B48B45EB8A}.Debug|Any CPU.Build.0 = Debug|Any CPU
		{5A21ECD9-200B-4A22-935C-A1B48B45EB8A}.Release|Any CPU.ActiveCfg = Release|Any CPU
		{5A21ECD9-200B-4A22-935C-A1B48B45EB8A}.Release|Any CPU.Build.0 = Release|Any CPU
	EndGlobalSection
	GlobalSection(SolutionProperties) = preSolution
		HideSolutionNode = FALSE
	EndGlobalSection
	GlobalSection(ExtensibilityGlobals) = postSolution
		SolutionGuid = {AC1B8FB6-40CA-4CD7-B355-6CD32ED813F0}
	EndGlobalSection
EndGlobal
